
Microsoft Visual Studio Solution File, Format Version 12.00
# Visual Studio Version 17
VisualStudioVersion = 17.6.33829.357
MinimumVisualStudioVersion = 10.0.40219.1
Project("{FAE04EC0-301F-11D3-BF4B-00C04F79EFBC}") = "constructor", "constructor\constructor.csproj", "{0E788285-045F-47EA-A986-6F2BBA40CE56}"
EndProject
Global
	GlobalSection(SolutionConfigurationPlatforms) = preSolution
		Debug|Any CPU = Debug|Any CPU
		Release|Any CPU = Release|Any CPU
	EndGlobalSection
	GlobalSection(ProjectConfigurationPlatforms) = postSolution
		{0E788285-045F-47EA-A986-6F2BBA40CE56}.Debug|Any CPU.ActiveCfg = Debug|Any CPU
		{0E788285-045F-47EA-A986-6F2BBA40CE56}.Debug|Any CPU.Build.0 = Debug|Any CPU
		{0E788285-045F-47EA-A986-6F2BBA40CE56}.Release|Any CPU.ActiveCfg = Release|Any CPU
		{0E788285-045F-47EA-A986-6F2BBA40CE56}.Release|Any CPU.Build.0 = Release|Any CPU
	EndGlobalSection
	GlobalSection(SolutionProperties) = preSolution
		HideSolutionNode = FALSE
	EndGlobalSection
	GlobalSection(ExtensibilityGlobals) = postSolution
		SolutionGuid = {FBB8BB19-0D26-4A82-B8A2-902FF47829CB}
	EndGlobalSection
EndGlobal
